
Microsoft Visual Studio Solution File, Format Version 12.00
# Visual Studio 15
VisualStudioVersion = 15.0.27004.2005
MinimumVisualStudioVersion = 10.0.40219.1
Project("{2150E333-8FDC-42A3-9474-1A3956D46DE8}") = "6-AOP", "6-AOP", "{2D8B3688-10E2-4EA3-AC76-7CA9B20BC5D7}"
EndProject
Project("{2150E333-8FDC-42A3-9474-1A3956D46DE8}") = "5-CrossCutting", "5-CrossCutting", "{123DBB40-9AC5-4D11-B509-E189ACF36338}"
EndProject
Project("{2150E333-8FDC-42A3-9474-1A3956D46DE8}") = "4-Repository", "4-Repository", "{FF27B638-9F13-4986-A9D9-E7F8C13E51C4}"
EndProject
Project("{2150E333-8FDC-42A3-9474-1A3956D46DE8}") = "3-Domain", "3-Domain", "{2EFC33E0-0542-4DC1-B2AA-122067C0F236}"
EndProject
Project("{2150E333-8FDC-42A3-9474-1A3956D46DE8}") = "2-APP", "2-APP", "{1E95A8D5-76A6-4FB7-AA1F-A0D39AA8A704}"
EndProject
Project("{2150E333-8FDC-42A3-9474-1A3956D46DE8}") = "1-API", "1-API", "{036BF878-6BB5-4374-BEBD-B48F0366032D}"
EndProject
Project("{FAE04EC0-301F-11D3-BF4B-00C04F79EFBC}") = "TCE.Aop", "AOP\TCE.Aop\TCE.Aop.csproj", "{15BB49EA-3AA3-44A9-8D10-3015526F2B0C}"
EndProject
Project("{9A19103F-16F7-4668-BE54-9A1E7A4F7556}") = "TCE.Web.Api", "API\src\TCE.Web.Api\TCE.Web.Api.csproj", "{BB1836DD-CFDE-4815-92EB-2CE209E4A462}"
EndProject
Project("{FAE04EC0-301F-11D3-BF4B-00C04F79EFBC}") = "TCE.AppLayerBase", "APP\TCE.AppLayerBase\TCE.AppLayerBase.csproj", "{32C820E4-6149-4356-927D-081C803C7CE7}"
EndProject
Project("{FAE04EC0-301F-11D3-BF4B-00C04F79EFBC}") = "TCE.CrossCutting.Dto", "CrossCutting\TCE.CrossCutting\TCE.CrossCutting.Dto.csproj", "{0CC4DF1B-F991-499E-BFEE-1FA399FC47E4}"
EndProject
Project("{FAE04EC0-301F-11D3-BF4B-00C04F79EFBC}") = "TCE.DomainLayerBase", "Domain\TCE.DomainLayerBase\TCE.DomainLayerBase.csproj", "{0B426BF9-CD88-4B1C-A231-BB37D161200A}"
EndProject
Project("{FAE04EC0-301F-11D3-BF4B-00C04F79EFBC}") = "TCE.Repository", "Repository\TCE.Repository\TCE.Repository.csproj", "{4EE254C8-42F3-4B3C-937B-DA5835A185AD}"
EndProject
Global
	GlobalSection(SolutionConfigurationPlatforms) = preSolution
		Debug|Any CPU = Debug|Any CPU
		Release|Any CPU = Release|Any CPU
	EndGlobalSection
	GlobalSection(ProjectConfigurationPlatforms) = postSolution
		{15BB49EA-3AA3-44A9-8D10-3015526F2B0C}.Debug|Any CPU.ActiveCfg = Debug|Any CPU
		{15BB49EA-3AA3-44A9-8D10-3015526F2B0C}.Debug|Any CPU.Build.0 = Debug|Any CPU
		{15BB49EA-3AA3-44A9-8D10-3015526F2B0C}.Release|Any CPU.ActiveCfg = Release|Any CPU
		{15BB49EA-3AA3-44A9-8D10-3015526F2B0C}.Release|Any CPU.Build.0 = Release|Any CPU
		{BB1836DD-CFDE-4815-92EB-2CE209E4A462}.Debug|Any CPU.ActiveCfg = Debug|Any CPU
		{BB1836DD-CFDE-4815-92EB-2CE209E4A462}.Debug|Any CPU.Build.0 = Debug|Any CPU
		{BB1836DD-CFDE-4815-92EB-2CE209E4A462}.Release|Any CPU.ActiveCfg = Release|Any CPU
		{BB1836DD-CFDE-4815-92EB-2CE209E4A462}.Release|Any CPU.Build.0 = Release|Any CPU
		{32C820E4-6149-4356-927D-081C803C7CE7}.Debug|Any CPU.ActiveCfg = Debug|Any CPU
		{32C820E4-6149-4356-927D-081C803C7CE7}.Debug|Any CPU.Build.0 = Debug|Any CPU
		{32C820E4-6149-4356-927D-081C803C7CE7}.Release|Any CPU.ActiveCfg = Release|Any CPU
		{32C820E4-6149-4356-927D-081C803C7CE7}.Release|Any CPU.Build.0 = Release|Any CPU
		{0CC4DF1B-F991-499E-BFEE-1FA399FC47E4}.Debug|Any CPU.ActiveCfg = Debug|Any CPU
		{0CC4DF1B-F991-499E-BFEE-1FA399FC47E4}.Debug|Any CPU.Build.0 = Debug|Any CPU
		{0CC4DF1B-F991-499E-BFEE-1FA399FC47E4}.Release|Any CPU.ActiveCfg = Release|Any CPU
		{0CC4DF1B-F991-499E-BFEE-1FA399FC47E4}.Release|Any CPU.Build.0 = Release|Any CPU
		{0B426BF9-CD88-4B1C-A231-BB37D161200A}.Debug|Any CPU.ActiveCfg = Debug|Any CPU
		{0B426BF9-CD88-4B1C-A231-BB37D161200A}.Debug|Any CPU.Build.0 = Debug|Any CPU
		{0B426BF9-CD88-4B1C-A231-BB37D161200A}.Release|Any CPU.ActiveCfg = Release|Any CPU
		{0B426BF9-CD88-4B1C-A231-BB37D161200A}.Release|Any CPU.Build.0 = Release|Any CPU
		{4EE254C8-42F3-4B3C-937B-DA5835A185AD}.Debug|Any CPU.ActiveCfg = Debug|Any CPU
		{4EE254C8-42F3-4B3C-937B-DA5835A185AD}.Debug|Any CPU.Build.0 = Debug|Any CPU
		{4EE254C8-42F3-4B3C-937B-DA5835A185AD}.Release|Any CPU.ActiveCfg = Release|Any CPU
		{4EE254C8-42F3-4B3C-937B-DA5835A185AD}.Release|Any CPU.Build.0 = Release|Any CPU
	EndGlobalSection
	GlobalSection(SolutionProperties) = preSolution
		HideSolutionNode = FALSE
	EndGlobalSection
	GlobalSection(NestedProjects) = preSolution
		{15BB49EA-3AA3-44A9-8D10-3015526F2B0C} = {2D8B3688-10E2-4EA3-AC76-7CA9B20BC5D7}
		{BB1836DD-CFDE-4815-92EB-2CE209E4A462} = {036BF878-6BB5-4374-BEBD-B48F0366032D}
		{32C820E4-6149-4356-927D-081C803C7CE7} = {1E95A8D5-76A6-4FB7-AA1F-A0D39AA8A704}
		{0CC4DF1B-F991-499E-BFEE-1FA399FC47E4} = {123DBB40-9AC5-4D11-B509-E189ACF36338}
		{0B426BF9-CD88-4B1C-A231-BB37D161200A} = {2EFC33E0-0542-4DC1-B2AA-122067C0F236}
		{4EE254C8-42F3-4B3C-937B-DA5835A185AD} = {FF27B638-9F13-4986-A9D9-E7F8C13E51C4}
	EndGlobalSection
	GlobalSection(ExtensibilityGlobals) = postSolution
		SolutionGuid = {A8F54AC0-065D-4203-BE57-22C7C086C838}
	EndGlobalSection
EndGlobal
